PODS:
  - Masonry (1.1.0)
  - MGPlayerView (0.4.4):
    - Masonry
    - MGPlayerView/All (= 0.4.4)
  - MGPlayerView/All (0.4.4):
    - Masonry
    - MGPlayerView/Category
    - MGPlayerView/ContentView
    - MGPlayerView/GestureView
    - MGPlayerView/Main
    - MGPlayerView/MaskView
    - MGPlayerView/Protocol
  - MGPlayerView/Category (0.4.4):
    - Masonry
  - MGPlayerView/ContentView (0.4.4):
    - Masonry
  - MGPlayerView/GestureView (0.4.4):
    - Masonry
    - MGPlayerView/Protocol
  - MGPlayerView/Main (0.4.4):
    - Masonry
    - MGPlayerView/ContentView
    - MGPlayerView/GestureView
    - MGPlayerView/MaskView
  - MGPlayerView/MaskView (0.4.4):
    - Masonry
    - MGPlayerView/Category
    - MGPlayerView/GestureView
    - MGPlayerView/Protocol
  - MGPlayerView/Protocol (0.4.4):
    - Masonry

DEPENDENCIES:
  - MGPlayerView (from `../`)

SPEC REPOS:
  trunk:
    - Masonry

EXTERNAL SOURCES:
  MGPlayerView:
    :path: "../"

SPEC CHECKSUMS:
  Masonry: 678fab65091a9290e40e2832a55e7ab731aad201
  MGPlayerView: d683795c6f41ee2dc119c77816e8ed87b9684aa6

PODFILE CHECKSUM: 3b76765c2d912bb83a6e41768a0bed1e6e01a615

COCOAPODS: 1.11.3
